{
  "name": "world-sim",
  "version": "0.0.0",
  "lockfileVersion": 1,
  "requires": true,
  "dependencies": {
    "dotenv": {
      "version": "8.2.0",
      "resolved": "https://registry.npmjs.org/dotenv/-/dotenv-8.2.0.tgz",
      "integrity": "sha512-8sJ78ElpbDJBHNeBzUbUVLsqKdccaa/BXF1uPTw3GrvQTBgrQrtObr2mUrE38vzYd8cEv+m/JBfDLioYcfXoaw=="
    },
    "node-env": {
      "version": "0.1.6",
      "resolved": "https://registry.npmjs.org/node-env/-/node-env-0.1.6.tgz",
      "integrity": "sha1-3GVw8PkS5Yqee3K+7tJgLs/WPiE=",
      "dev": true
    }
  }
}
